
Microsoft Visual Studio Solution File, Format Version 12.00
# Visual Studio Version 17
VisualStudioVersion = 17.9.34714.143
MinimumVisualStudioVersion = 10.0.40219.1
Project("{9A19103F-16F7-4668-BE54-9A1E7A4F7556}") = "Blazicons.Devicon", "Blazicons.Devicon\Blazicons.Devicon.csproj", "{A661F95F-3CCA-43D8-8769-F6AEF75C1838}"
EndProject
Project("{9A19103F-16F7-4668-BE54-9A1E7A4F7556}") = "Blazicons.Devicon.Generating", "Blazicons.Devicon.Generating\Blazicons.Devicon.Generating.csproj", "{4998FD2B-715A-40CC-BCD3-CAAE69519ADB}"
EndProject
Project("{2150E333-8FDC-42A3-9474-1A3956D46DE8}") = "Solution Items", "Solution Items", "{148EC61E-E168-4265-9365-DFE8C5C890F3}"
	ProjectSection(SolutionItems) = preProject
		.editorconfig = .editorconfig
		.gitignore = .gitignore
		CHANGELOG.md = CHANGELOG.md
		LICENSE = LICENSE
		README.md = README.md
	EndProjectSection
EndProject
Global
	GlobalSection(SolutionConfigurationPlatforms) = preSolution
		Debug|Any CPU = Debug|Any CPU
		Release|Any CPU = Release|Any CPU
	EndGlobalSection
	GlobalSection(ProjectConfigurationPlatforms) = postSolution
		{A661F95F-3CCA-43D8-8769-F6AEF75C1838}.Debug|Any CPU.ActiveCfg = Debug|Any CPU
		{A661F95F-3CCA-43D8-8769-F6AEF75C1838}.Debug|Any CPU.Build.0 = Debug|Any CPU
		{A661F95F-3CCA-43D8-8769-F6AEF75C1838}.Release|Any CPU.ActiveCfg = Release|Any CPU
		{A661F95F-3CCA-43D8-8769-F6AEF75C1838}.Release|Any CPU.Build.0 = Release|Any CPU
		{4998FD2B-715A-40CC-BCD3-CAAE69519ADB}.Debug|Any CPU.ActiveCfg = Debug|Any CPU
		{4998FD2B-715A-40CC-BCD3-CAAE69519ADB}.Debug|Any CPU.Build.0 = Debug|Any CPU
		{4998FD2B-715A-40CC-BCD3-CAAE69519ADB}.Release|Any CPU.ActiveCfg = Release|Any CPU
		{4998FD2B-715A-40CC-BCD3-CAAE69519ADB}.Release|Any CPU.Build.0 = Release|Any CPU
	EndGlobalSection
	GlobalSection(SolutionProperties) = preSolution
		HideSolutionNode = FALSE
	EndGlobalSection
	GlobalSection(ExtensibilityGlobals) = postSolution
		SolutionGuid = {1CBA61F4-19F8-4AA3-BA5A-4AD848A54E0A}
	EndGlobalSection
EndGlobal
